
Microsoft Visual Studio Solution File, Format Version 12.00
# Visual Studio Version 17
VisualStudioVersion = 17.12.35323.107
MinimumVisualStudioVersion = 10.0.40219.1
Project("{FAE04EC0-301F-11D3-BF4B-00C04F79EFBC}") = "WpfApp12132", "WpfApp12132\WpfApp12132.csproj", "{8FB38D6D-3869-4EA9-8CDC-52D1139531C7}"
EndProject
Global
	GlobalSection(SolutionConfigurationPlatforms) = preSolution
		Debug|Any CPU = Debug|Any CPU
		Release|Any CPU = Release|Any CPU
	EndGlobalSection
	GlobalSection(ProjectConfigurationPlatforms) = postSolution
		{8FB38D6D-3869-4EA9-8CDC-52D1139531C7}.Debug|Any CPU.ActiveCfg = Debug|Any CPU
		{8FB38D6D-3869-4EA9-8CDC-52D1139531C7}.Debug|Any CPU.Build.0 = Debug|Any CPU
		{8FB38D6D-3869-4EA9-8CDC-52D1139531C7}.Release|Any CPU.ActiveCfg = Release|Any CPU
		{8FB38D6D-3869-4EA9-8CDC-52D1139531C7}.Release|Any CPU.Build.0 = Release|Any CPU
	EndGlobalSection
	GlobalSection(SolutionProperties) = preSolution
		HideSolutionNode = FALSE
	EndGlobalSection
	GlobalSection(ExtensibilityGlobals) = postSolution
		SolutionGuid = {E42C1105-6842-455F-96BA-C69AD35212D6}
	EndGlobalSection
EndGlobal
